
Microsoft Visual Studio Solution File, Format Version 10.00
# Visual Studio 2008
Project("{FAE04EC0-301F-11D3-BF4B-00C04F79EFBC}") = "ChronoBacktrackCS", "ChronoBacktrackCS\ChronoBacktrackCS.csproj", "{CF417CEB-B75E-40AF-AAF5-353399BB882A}"
EndProject
Global
	GlobalSection(SolutionConfigurationPlatforms) = preSolution
		Debug|Any CPU = Debug|Any CPU
		Release|Any CPU = Release|Any CPU
	EndGlobalSection
	GlobalSection(ProjectConfigurationPlatforms) = postSolution
		{CF417CEB-B75E-40AF-AAF5-353399BB882A}.Debug|Any CPU.ActiveCfg = Debug|Any CPU
		{CF417CEB-B75E-40AF-AAF5-353399BB882A}.Debug|Any CPU.Build.0 = Debug|Any CPU
		{CF417CEB-B75E-40AF-AAF5-353399BB882A}.Release|Any CPU.ActiveCfg = Release|Any CPU
		{CF417CEB-B75E-40AF-AAF5-353399BB882A}.Release|Any CPU.Build.0 = Release|Any CPU
	EndGlobalSection
	GlobalSection(SolutionProperties) = preSolution
		HideSolutionNode = FALSE
	EndGlobalSection
EndGlobal
